
Microsoft Visual Studio Solution File, Format Version 12.00
# Visual Studio Version 16
VisualStudioVersion = 16.0.30517.126
MinimumVisualStudioVersion = 15.0.26124.0
Project("{2150E333-8FDC-42A3-9474-1A3956D46DE8}") = "src", "src", "{C349E26A-F83D-416F-A404-799870849969}"
EndProject
Project("{2150E333-8FDC-42A3-9474-1A3956D46DE8}") = "Services", "Services", "{084700E3-3552-413B-B59C-56B3280C033F}"
EndProject
Project("{9A19103F-16F7-4668-BE54-9A1E7A4F7556}") = "Interest.Calculator.API", "src\Services\Interest.Calculator.API\Interest.Calculator.API.csproj", "{8DDE5464-3F5B-4463-A88F-EAF5163E4FEE}"
EndProject
Project("{9A19103F-16F7-4668-BE54-9A1E7A4F7556}") = "Interest.Rate.API", "src\Services\Interest.Rate.API\Interest.Rate.API.csproj", "{57C09731-FA15-4426-8214-FEF9C27BBBA2}"
EndProject
Project("{2150E333-8FDC-42A3-9474-1A3956D46DE8}") = "Rate", "Rate", "{8C7D576A-A068-4C4B-9617-9A7AB7A28C5E}"
EndProject
Project("{2150E333-8FDC-42A3-9474-1A3956D46DE8}") = "Calculator", "Calculator", "{101D6B24-3FD9-4360-8AED-2B04025CFF77}"
EndProject
Project("{9A19103F-16F7-4668-BE54-9A1E7A4F7556}") = "Interest.Calculator.Tests", "src\Services\Interest.Calculator.Tests\Interest.Calculator.Tests.csproj", "{D6E14E4C-D371-43A0-9FAE-F22CEE6256BF}"
EndProject
Project("{9A19103F-16F7-4668-BE54-9A1E7A4F7556}") = "Interest.Calculator.Application", "src\Services\Interest.Calculator.Application\Interest.Calculator.Application.csproj", "{FE2F2AEB-3D58-4EA4-904C-1618D704B934}"
EndProject
Project("{FAE04EC0-301F-11D3-BF4B-00C04F79EFBC}") = "Interest.Rate.Tests", "src\Services\Interest.Rate.Tests\Interest.Rate.Tests.csproj", "{E879B149-90C6-4F91-AB28-6521D16CA351}"
EndProject
Global
	GlobalSection(SolutionConfigurationPlatforms) = preSolution
		Debug|Any CPU = Debug|Any CPU
		Debug|x64 = Debug|x64
		Debug|x86 = Debug|x86
		Release|Any CPU = Release|Any CPU
		Release|x64 = Release|x64
		Release|x86 = Release|x86
	EndGlobalSection
	GlobalSection(ProjectConfigurationPlatforms) = postSolution
		{8DDE5464-3F5B-4463-A88F-EAF5163E4FEE}.Debug|Any CPU.ActiveCfg = Debug|Any CPU
		{8DDE5464-3F5B-4463-A88F-EAF5163E4FEE}.Debug|Any CPU.Build.0 = Debug|Any CPU
		{8DDE5464-3F5B-4463-A88F-EAF5163E4FEE}.Debug|x64.ActiveCfg = Debug|Any CPU
		{8DDE5464-3F5B-4463-A88F-EAF5163E4FEE}.Debug|x64.Build.0 = Debug|Any CPU
		{8DDE5464-3F5B-4463-A88F-EAF5163E4FEE}.Debug|x86.ActiveCfg = Debug|Any CPU
		{8DDE5464-3F5B-4463-A88F-EAF5163E4FEE}.Debug|x86.Build.0 = Debug|Any CPU
		{8DDE5464-3F5B-4463-A88F-EAF5163E4FEE}.Release|Any CPU.ActiveCfg = Release|Any CPU
		{8DDE5464-3F5B-4463-A88F-EAF5163E4FEE}.Release|Any CPU.Build.0 = Release|Any CPU
		{8DDE5464-3F5B-4463-A88F-EAF5163E4FEE}.Release|x64.ActiveCfg = Release|Any CPU
		{8DDE5464-3F5B-4463-A88F-EAF5163E4FEE}.Release|x64.Build.0 = Release|Any CPU
		{8DDE5464-3F5B-4463-A88F-EAF5163E4FEE}.Release|x86.ActiveCfg = Release|Any CPU
		{8DDE5464-3F5B-4463-A88F-EAF5163E4FEE}.Release|x86.Build.0 = Release|Any CPU
		{57C09731-FA15-4426-8214-FEF9C27BBBA2}.Debug|Any CPU.ActiveCfg = Debug|Any CPU
		{57C09731-FA15-4426-8214-FEF9C27BBBA2}.Debug|Any CPU.Build.0 = Debug|Any CPU
		{57C09731-FA15-4426-8214-FEF9C27BBBA2}.Debug|x64.ActiveCfg = Debug|Any CPU
		{57C09731-FA15-4426-8214-FEF9C27BBBA2}.Debug|x64.Build.0 = Debug|Any CPU
		{57C09731-FA15-4426-8214-FEF9C27BBBA2}.Debug|x86.ActiveCfg = Debug|Any CPU
		{57C09731-FA15-4426-8214-FEF9C27BBBA2}.Debug|x86.Build.0 = Debug|Any CPU
		{57C09731-FA15-4426-8214-FEF9C27BBBA2}.Release|Any CPU.ActiveCfg = Release|Any CPU
		{57C09731-FA15-4426-8214-FEF9C27BBBA2}.Release|Any CPU.Build.0 = Release|Any CPU
		{57C09731-FA15-4426-8214-FEF9C27BBBA2}.Release|x64.ActiveCfg = Release|Any CPU
		{57C09731-FA15-4426-8214-FEF9C27BBBA2}.Release|x64.Build.0 = Release|Any CPU
		{57C09731-FA15-4426-8214-FEF9C27BBBA2}.Release|x86.ActiveCfg = Release|Any CPU
		{57C09731-FA15-4426-8214-FEF9C27BBBA2}.Release|x86.Build.0 = Release|Any CPU
		{D6E14E4C-D371-43A0-9FAE-F22CEE6256BF}.Debug|Any CPU.ActiveCfg = Debug|Any CPU
		{D6E14E4C-D371-43A0-9FAE-F22CEE6256BF}.Debug|Any CPU.Build.0 = Debug|Any CPU
		{D6E14E4C-D371-43A0-9FAE-F22CEE6256BF}.Debug|x64.ActiveCfg = Debug|Any CPU
		{D6E14E4C-D371-43A0-9FAE-F22CEE6256BF}.Debug|x64.Build.0 = Debug|Any CPU
		{D6E14E4C-D371-43A0-9FAE-F22CEE6256BF}.Debug|x86.ActiveCfg = Debug|Any CPU
		{D6E14E4C-D371-43A0-9FAE-F22CEE6256BF}.Debug|x86.Build.0 = Debug|Any CPU
		{D6E14E4C-D371-43A0-9FAE-F22CEE6256BF}.Release|Any CPU.ActiveCfg = Release|Any CPU
		{D6E14E4C-D371-43A0-9FAE-F22CEE6256BF}.Release|Any CPU.Build.0 = Release|Any CPU
		{D6E14E4C-D371-43A0-9FAE-F22CEE6256BF}.Release|x64.ActiveCfg = Release|Any CPU
		{D6E14E4C-D371-43A0-9FAE-F22CEE6256BF}.Release|x64.Build.0 = Release|Any CPU
		{D6E14E4C-D371-43A0-9FAE-F22CEE6256BF}.Release|x86.ActiveCfg = Release|Any CPU
		{D6E14E4C-D371-43A0-9FAE-F22CEE6256BF}.Release|x86.Build.0 = Release|Any CPU
		{FE2F2AEB-3D58-4EA4-904C-1618D704B934}.Debug|Any CPU.ActiveCfg = Debug|Any CPU
		{FE2F2AEB-3D58-4EA4-904C-1618D704B934}.Debug|Any CPU.Build.0 = Debug|Any CPU
		{FE2F2AEB-3D58-4EA4-904C-1618D704B934}.Debug|x64.ActiveCfg = Debug|Any CPU
		{FE2F2AEB-3D58-4EA4-904C-1618D704B934}.Debug|x64.Build.0 = Debug|Any CPU
		{FE2F2AEB-3D58-4EA4-904C-1618D704B934}.Debug|x86.ActiveCfg = Debug|Any CPU
		{FE2F2AEB-3D58-4EA4-904C-1618D704B934}.Debug|x86.Build.0 = Debug|Any CPU
		{FE2F2AEB-3D58-4EA4-904C-1618D704B934}.Release|Any CPU.ActiveCfg = Release|Any CPU
		{FE2F2AEB-3D58-4EA4-904C-1618D704B934}.Release|Any CPU.Build.0 = Release|Any CPU
		{FE2F2AEB-3D58-4EA4-904C-1618D704B934}.Release|x64.ActiveCfg = Release|Any CPU
		{FE2F2AEB-3D58-4EA4-904C-1618D704B934}.Release|x64.Build.0 = Release|Any CPU
		{FE2F2AEB-3D58-4EA4-904C-1618D704B934}.Release|x86.ActiveCfg = Release|Any CPU
		{FE2F2AEB-3D58-4EA4-904C-1618D704B934}.Release|x86.Build.0 = Release|Any CPU
		{E879B149-90C6-4F91-AB28-6521D16CA351}.Debug|Any CPU.ActiveCfg = Debug|Any CPU
		{E879B149-90C6-4F91-AB28-6521D16CA351}.Debug|Any CPU.Build.0 = Debug|Any CPU
		{E879B149-90C6-4F91-AB28-6521D16CA351}.Debug|x64.ActiveCfg = Debug|Any CPU
		{E879B149-90C6-4F91-AB28-6521D16CA351}.Debug|x64.Build.0 = Debug|Any CPU
		{E879B149-90C6-4F91-AB28-6521D16CA351}.Debug|x86.ActiveCfg = Debug|Any CPU
		{E879B149-90C6-4F91-AB28-6521D16CA351}.Debug|x86.Build.0 = Debug|Any CPU
		{E879B149-90C6-4F91-AB28-6521D16CA351}.Release|Any CPU.ActiveCfg = Release|Any CPU
		{E879B149-90C6-4F91-AB28-6521D16CA351}.Release|Any CPU.Build.0 = Release|Any CPU
		{E879B149-90C6-4F91-AB28-6521D16CA351}.Release|x64.ActiveCfg = Release|Any CPU
		{E879B149-90C6-4F91-AB28-6521D16CA351}.Release|x64.Build.0 = Release|Any CPU
		{E879B149-90C6-4F91-AB28-6521D16CA351}.Release|x86.ActiveCfg = Release|Any CPU
		{E879B149-90C6-4F91-AB28-6521D16CA351}.Release|x86.Build.0 = Release|Any CPU
	EndGlobalSection
	GlobalSection(SolutionProperties) = preSolution
		HideSolutionNode = FALSE
	EndGlobalSection
	GlobalSection(NestedProjects) = preSolution
		{084700E3-3552-413B-B59C-56B3280C033F} = {C349E26A-F83D-416F-A404-799870849969}
		{8DDE5464-3F5B-4463-A88F-EAF5163E4FEE} = {101D6B24-3FD9-4360-8AED-2B04025CFF77}
		{57C09731-FA15-4426-8214-FEF9C27BBBA2} = {8C7D576A-A068-4C4B-9617-9A7AB7A28C5E}
		{8C7D576A-A068-4C4B-9617-9A7AB7A28C5E} = {084700E3-3552-413B-B59C-56B3280C033F}
		{101D6B24-3FD9-4360-8AED-2B04025CFF77} = {084700E3-3552-413B-B59C-56B3280C033F}
		{D6E14E4C-D371-43A0-9FAE-F22CEE6256BF} = {101D6B24-3FD9-4360-8AED-2B04025CFF77}
		{FE2F2AEB-3D58-4EA4-904C-1618D704B934} = {101D6B24-3FD9-4360-8AED-2B04025CFF77}
		{E879B149-90C6-4F91-AB28-6521D16CA351} = {8C7D576A-A068-4C4B-9617-9A7AB7A28C5E}
	EndGlobalSection
	GlobalSection(ExtensibilityGlobals) = postSolution
		SolutionGuid = {4B105A6A-9D0C-4AEF-832C-C13CDA1C085C}
	EndGlobalSection
EndGlobal
